# This file is automatically @generated by Cargo.
# It is not intended for manual editing.
version = 3

[[package]]
name = "kinetik-app"
version = "0.0.0"
dependencies = [
 "kinetik-core",
 "kinetik-resource",
 "kinetik-scene",
 "kinetik-signal",
]

[[package]]
name = "kinetik-audio"
version = "0.0.0"
dependencies = [
 "kinetik-core",
]

[[package]]
name = "kinetik-bundle"
version = "0.0.0"
dependencies = [
 "kinetik-core",
 "kinetik-resource",
]

[[package]]
name = "kinetik-command"
version = "0.0.0"
dependencies = [
 "kinetik-core",
 "kinetik-reflect",
 "kinetik-resource",
 "kinetik-scene",
 "kinetik-script",
]

[[package]]
name = "kinetik-core"
version = "0.0.0"

[[package]]
name = "kinetik-editor"
version = "0.0.0"
dependencies = [
 "kinetik-app",
 "kinetik-command",
 "kinetik-core",
 "kinetik-project",
 "kinetik-reflect",
 "kinetik-resource",
 "kinetik-scene",
]

[[package]]
name = "kinetik-physics"
version = "0.0.0"
dependencies = [
 "kinetik-core",
 "kinetik-scene",
]

[[package]]
name = "kinetik-project"
version = "0.0.0"
dependencies = [
 "kinetik-core",
 "kinetik-resource",
]

[[package]]
name = "kinetik-reflect"
version = "0.0.0"
dependencies = [
 "kinetik-core",
]

[[package]]
name = "kinetik-render"
version = "0.0.0"
dependencies = [
 "kinetik-core",
 "kinetik-resource",
]

[[package]]
name = "kinetik-resource"
version = "0.0.0"
dependencies = [
 "kinetik-core",
 "kinetik-reflect",
 "kinetik-scene",
]

[[package]]
name = "kinetik-scene"
version = "0.0.0"
dependencies = [
 "kinetik-core",
 "kinetik-reflect",
]

[[package]]
name = "kinetik-script"
version = "0.0.0"
dependencies = [
 "kinetik-core",
]

[[package]]
name = "kinetik-script-luau"
version = "0.0.0"
dependencies = [
 "kinetik-core",
 "kinetik-script",
]

[[package]]
name = "kinetik-signal"
version = "0.0.0"
dependencies = [
 "kinetik-core",
]

[[package]]
name = "kinetik-terrain"
version = "0.0.0"
dependencies = [
 "kinetik-core",
]

[[package]]
name = "kinetik-test"
version = "0.0.0"
dependencies = [
 "kinetik-core",
 "kinetik-project",
]

[[package]]
name = "kinetik-ui"
version = "0.0.0"
dependencies = [
 "kinetik-core",
]
